
Microsoft Visual Studio Solution File, Format Version 12.00
# Visual Studio Version 16
VisualStudioVersion = 16.0.29306.81
MinimumVisualStudioVersion = 10.0.40219.1
Project("{FAE04EC0-301F-11D3-BF4B-00C04F79EFBC}") = "Snake", "Snake\Snake.csproj", "{2EC39B1D-516E-4E49-AD13-E8E2EEA8FFD8}"
EndProject
Global
	GlobalSection(SolutionConfigurationPlatforms) = preSolution
		Debug|Any CPU = Debug|Any CPU
		Release|Any CPU = Release|Any CPU
	EndGlobalSection
	GlobalSection(ProjectConfigurationPlatforms) = postSolution
		{2EC39B1D-516E-4E49-AD13-E8E2EEA8FFD8}.Debug|Any CPU.ActiveCfg = Debug|Any CPU
		{2EC39B1D-516E-4E49-AD13-E8E2EEA8FFD8}.Debug|Any CPU.Build.0 = Debug|Any CPU
		{2EC39B1D-516E-4E49-AD13-E8E2EEA8FFD8}.Release|Any CPU.ActiveCfg = Release|Any CPU
		{2EC39B1D-516E-4E49-AD13-E8E2EEA8FFD8}.Release|Any CPU.Build.0 = Release|Any CPU
	EndGlobalSection
	GlobalSection(SolutionProperties) = preSolution
		HideSolutionNode = FALSE
	EndGlobalSection
	GlobalSection(ExtensibilityGlobals) = postSolution
		SolutionGuid = {2A90A604-4399-4D48-97F4-1B1774701612}
	EndGlobalSection
EndGlobal
